<?xml version="1.0" encoding="utf-8"?>
<Project ToolsVersion="4.0" xmlns="http://schemas.microsoft.com/developer/msbuild/2003">
  <ItemGroup>
    <Filter Include="소스 파일">
      <UniqueIdentifier>{4FC737F1-C7A5-4376-A066-2A32D752A2FF}</UniqueIdentifier>
      <Extensions>cpp;c;cc;cxx;def;odl;idl;hpj;bat;asm;asmx</Extensions>
    </Filter>
    <Filter Include="헤더 파일">
      <UniqueIdentifier>{93995380-89BD-4b04-88EB-625FBE52EBFB}</UniqueIdentifier>
      <Extensions>h;hh;hpp;hxx;hm;inl;inc;ipp;xsd</Extensions>
    </Filter>
    <Filter Include="리소스 파일">
      <UniqueIdentifier>{67DA6AB6-F800-4c08-8B7A-83BB121AAD01}</UniqueIdentifier>
      <Extensions>rc;ico;cur;bmp;dlg;rc2;rct;bin;rgs;gif;jpg;jpeg;jpe;resx;tiff;tif;png;wav;mfcribbon-ms</Extensions>
    </Filter>
    <Filter Include="소스 파일\Graphic">
      <UniqueIdentifier>{daaabcd6-631d-4872-8585-d7a1ce10fe32}</UniqueIdentifier>
    </Filter>
    <Filter Include="소스 파일\System">
      <UniqueIdentifier>{4a3e335f-e6f7-4a2b-af3d-1b71c9f2cb25}</UniqueIdentifier>
    </Filter>
    <Filter Include="소스 파일\1.Game">
      <UniqueIdentifier>{51f3ec50-db65-4f5a-a290-2bc421b4fa65}</UniqueIdentifier>
    </Filter>
    <Filter Include="소스 파일\1.Game\Component">
      <UniqueIdentifier>{2a541d95-477c-422f-87cb-dc8dbedc253f}</UniqueIdentifier>
    </Filter>
    <Filter Include="소스 파일\Scene">
      <UniqueIdentifier>{1ffe6886-0892-40e0-947d-483fcb559d98}</UniqueIdentifier>
    </Filter>
    <Filter Include="소스 파일\Scene\SceneManager">
      <UniqueIdentifier>{aad2368a-00bc-4974-8892-388b2f08d760}</UniqueIdentifier>
    </Filter>
    <Filter Include="소스 파일\Scene\GameScene">
      <UniqueIdentifier>{75d90e94-7de2-4154-b2ab-5f342dd15b4e}</UniqueIdentifier>
    </Filter>
    <Filter Include="소스 파일\Scene\TitleScene">
      <UniqueIdentifier>{def5eb45-a089-4ccb-805f-e8341219def2}</UniqueIdentifier>
    </Filter>
    <Filter Include="소스 파일\StageManager">
      <UniqueIdentifier>{f966a16b-008d-472e-aea4-b78f774e227f}</UniqueIdentifier>
    </Filter>
    <Filter Include="소스 파일\StageManager\Stage">
      <UniqueIdentifier>{90a34983-5819-47b9-bc52-5e4e1239f1d9}</UniqueIdentifier>
    </Filter>
    <Filter Include="소스 파일\StageManager\Room">
      <UniqueIdentifier>{dcb5134e-5dfa-4934-9c6d-13dc7372d91a}</UniqueIdentifier>
    </Filter>
  </ItemGroup>
  <ItemGroup>
    <ClCompile Include="main.cpp">
      <Filter>소스 파일</Filter>
    </ClCompile>
    <ClCompile Include="Font.cpp">
      <Filter>소스 파일\Graphic</Filter>
    </ClCompile>
    <ClCompile Include="Frame.cpp">
      <Filter>소스 파일\Graphic</Filter>
    </ClCompile>
    <ClCompile Include="Sprite.cpp">
      <Filter>소스 파일\Graphic</Filter>
    </ClCompile>
    <ClCompile Include="Texture.cpp">
      <Filter>소스 파일\Graphic</Filter>
    </ClCompile>
    <ClCompile Include="GameSystem.cpp">
      <Filter>소스 파일\System</Filter>
    </ClCompile>
    <ClCompile Include="gameTimer.cpp">
      <Filter>소스 파일\System</Filter>
    </ClCompile>
    <ClCompile Include="ResourceManager.cpp">
      <Filter>소스 파일\Graphic</Filter>
    </ClCompile>
    <ClCompile Include="Scene.cpp">
      <Filter>소스 파일\Scene</Filter>
    </ClCompile>
    <ClCompile Include="TitleScene.cpp">
      <Filter>소스 파일\Scene\TitleScene</Filter>
    </ClCompile>
    <ClCompile Include="SceneManager.cpp">
      <Filter>소스 파일\Scene\SceneManager</Filter>
    </ClCompile>
    <ClCompile Include="GameScene.cpp">
      <Filter>소스 파일\Scene\GameScene</Filter>
    </ClCompile>
    <ClCompile Include="Component.cpp">
      <Filter>소스 파일\1.Game\Component</Filter>
    </ClCompile>
    <ClCompile Include="StageManager.cpp">
      <Filter>소스 파일\StageManager</Filter>
    </ClCompile>
    <ClCompile Include="Stage.cpp">
      <Filter>소스 파일\StageManager\Stage</Filter>
    </ClCompile>
    <ClCompile Include="Room.cpp">
      <Filter>소스 파일</Filter>
    </ClCompile>
  </ItemGroup>
  <ItemGroup>
    <ClInclude Include="Font.h">
      <Filter>소스 파일\Graphic</Filter>
    </ClInclude>
    <ClInclude Include="Frame.h">
      <Filter>소스 파일\Graphic</Filter>
    </ClInclude>
    <ClInclude Include="Sprite.h">
      <Filter>소스 파일\Graphic</Filter>
    </ClInclude>
    <ClInclude Include="Texture.h">
      <Filter>소스 파일\Graphic</Filter>
    </ClInclude>
    <ClInclude Include="GameSystem.h">
      <Filter>소스 파일\System</Filter>
    </ClInclude>
    <ClInclude Include="gameTimer.h">
      <Filter>소스 파일\System</Filter>
    </ClInclude>
    <ClInclude Include="ResourceManager.h">
      <Filter>소스 파일\Graphic</Filter>
    </ClInclude>
    <ClInclude Include="SceneManager.h">
      <Filter>소스 파일\Scene\SceneManager</Filter>
    </ClInclude>
    <ClInclude Include="Scene.h">
      <Filter>소스 파일\Scene</Filter>
    </ClInclude>
    <ClInclude Include="TitleScene.h">
      <Filter>소스 파일\Scene\TitleScene</Filter>
    </ClInclude>
    <ClInclude Include="GameScene.h">
      <Filter>소스 파일\Scene\GameScene</Filter>
    </ClInclude>
    <ClInclude Include="Component.h">
      <Filter>소스 파일\1.Game\Component</Filter>
    </ClInclude>
    <ClInclude Include="StageManager.h">
      <Filter>소스 파일\StageManager</Filter>
    </ClInclude>
    <ClInclude Include="Stage.h">
      <Filter>소스 파일\StageManager\Stage</Filter>
    </ClInclude>
    <ClInclude Include="Room.h">
      <Filter>헤더 파일</Filter>
    </ClInclude>
  </ItemGroup>
</Project>