<?xml version="1.0" encoding="utf-8"?>
<Project ToolsVersion="4.0" xmlns="http://schemas.microsoft.com/developer/msbuild/2003">
  <ItemGroup>
    <Filter Include="소스 파일">
      <UniqueIdentifier>{4FC737F1-C7A5-4376-A066-2A32D752A2FF}</UniqueIdentifier>
      <Extensions>cpp;c;cc;cxx;def;odl;idl;hpj;bat;asm;asmx</Extensions>
    </Filter>
    <Filter Include="헤더 파일">
      <UniqueIdentifier>{93995380-89BD-4b04-88EB-625FBE52EBFB}</UniqueIdentifier>
      <Extensions>h;hh;hpp;hxx;hm;inl;inc;ipp;xsd</Extensions>
    </Filter>
    <Filter Include="리소스 파일">
      <UniqueIdentifier>{67DA6AB6-F800-4c08-8B7A-83BB121AAD01}</UniqueIdentifier>
      <Extensions>rc;ico;cur;bmp;dlg;rc2;rct;bin;rgs;gif;jpg;jpeg;jpe;resx;tiff;tif;png;wav;mfcribbon-ms</Extensions>
    </Filter>
    <Filter Include="소스 파일\Graphic">
      <UniqueIdentifier>{daaabcd6-631d-4872-8585-d7a1ce10fe32}</UniqueIdentifier>
    </Filter>
    <Filter Include="소스 파일\System">
      <UniqueIdentifier>{4a3e335f-e6f7-4a2b-af3d-1b71c9f2cb25}</UniqueIdentifier>
    </Filter>
    <Filter Include="소스 파일\1.Game">
      <UniqueIdentifier>{51f3ec50-db65-4f5a-a290-2bc421b4fa65}</UniqueIdentifier>
    </Filter>
    <Filter Include="소스 파일\1.Game\Component">
      <UniqueIdentifier>{2a541d95-477c-422f-87cb-dc8dbedc253f}</UniqueIdentifier>
    </Filter>
    <Filter Include="소스 파일\Scene">
      <UniqueIdentifier>{1ffe6886-0892-40e0-947d-483fcb559d98}</UniqueIdentifier>
    </Filter>
    <Filter Include="소스 파일\Scene\SceneManager">
      <UniqueIdentifier>{aad2368a-00bc-4974-8892-388b2f08d760}</UniqueIdentifier>
    </Filter>
    <Filter Include="소스 파일\Scene\GameScene">
      <UniqueIdentifier>{75d90e94-7de2-4154-b2ab-5f342dd15b4e}</UniqueIdentifier>
    </Filter>
    <Filter Include="소스 파일\Scene\TitleScene">
      <UniqueIdentifier>{def5eb45-a089-4ccb-805f-e8341219def2}</UniqueIdentifier>
    </Filter>
    <Filter Include="소스 파일\StageManager">
      <UniqueIdentifier>{f966a16b-008d-472e-aea4-b78f774e227f}</UniqueIdentifier>
    </Filter>
    <Filter Include="소스 파일\StageManager\Stage">
      <UniqueIdentifier>{90a34983-5819-47b9-bc52-5e4e1239f1d9}</UniqueIdentifier>
    </Filter>
    <Filter Include="소스 파일\StageManager\Room">
      <UniqueIdentifier>{dcb5134e-5dfa-4934-9c6d-13dc7372d91a}</UniqueIdentifier>
    </Filter>
    <Filter Include="소스 파일\1.Game\Component\MoveObject">
      <UniqueIdentifier>{e2215ca3-94bb-4e85-be21-426dd44dea79}</UniqueIdentifier>
    </Filter>
    <Filter Include="소스 파일\System\Message">
      <UniqueIdentifier>{21618219-b7b0-4c64-bcd1-6b68b8dd62a7}</UniqueIdentifier>
    </Filter>
    <Filter Include="소스 파일\1.Game\Component\MoveObject\State">
      <UniqueIdentifier>{596dbb88-b75c-4aac-81f7-cad61ff3e0e5}</UniqueIdentifier>
    </Filter>
    <Filter Include="소스 파일\Global">
      <UniqueIdentifier>{38fa367c-013a-489c-b500-50d89ac5a6eb}</UniqueIdentifier>
    </Filter>
    <Filter Include="소스 파일\1.Game\Component\MoveObject\Player">
      <UniqueIdentifier>{2c5d8e5d-7cc4-47a3-8b2a-fe2eba08354d}</UniqueIdentifier>
    </Filter>
    <Filter Include="소스 파일\1.Game\Component\FixedObject%28움직이지않음%29">
      <UniqueIdentifier>{60fe7375-d868-4ea7-af66-6682e532bcbd}</UniqueIdentifier>
    </Filter>
    <Filter Include="소스 파일\1.Game\Component\FixedObject%28움직이지않음%29\Gate">
      <UniqueIdentifier>{4a5260b1-ef26-468a-aa69-751734b311f8}</UniqueIdentifier>
    </Filter>
    <Filter Include="소스 파일\1.Game\Component\FixedObject%28움직이지않음%29\Item">
      <UniqueIdentifier>{24725141-ec41-42d1-a090-8042b4ff4c00}</UniqueIdentifier>
    </Filter>
    <Filter Include="소스 파일\1.Game\Component\FixedObject%28움직이지않음%29\Item\usingItem">
      <UniqueIdentifier>{29eb46ab-7ab9-46ba-bbd9-a1967f73857d}</UniqueIdentifier>
    </Filter>
    <Filter Include="소스 파일\1.Game\Component\FixedObject%28움직이지않음%29\Item\EquimentItem">
      <UniqueIdentifier>{094e97ea-2cc4-4f18-a6f9-de68c0a373b1}</UniqueIdentifier>
    </Filter>
    <Filter Include="소스 파일\1.Game\Component\FixedObject%28움직이지않음%29\Item\EquimentItem\EquipItemWeapon">
      <UniqueIdentifier>{86bea7ca-e3ff-42b2-9e14-4515705aac70}</UniqueIdentifier>
    </Filter>
    <Filter Include="소스 파일\1.Game\Component\MoveObject\State\Attack">
      <UniqueIdentifier>{6c5648fd-3229-4bee-9d4b-6d500ad887e8}</UniqueIdentifier>
    </Filter>
    <Filter Include="소스 파일\1.Game\Component\MoveObject\AttackShape">
      <UniqueIdentifier>{b5251d68-00ca-4c11-9ef3-6b8816b8de48}</UniqueIdentifier>
    </Filter>
    <Filter Include="소스 파일\1.Game\Component\MoveObject\Monster">
      <UniqueIdentifier>{529aa22c-a4e6-49ec-abdc-7d6b8b8f0efa}</UniqueIdentifier>
    </Filter>
  </ItemGroup>
  <ItemGroup>
    <ClCompile Include="main.cpp">
      <Filter>소스 파일</Filter>
    </ClCompile>
    <ClCompile Include="Font.cpp">
      <Filter>소스 파일\Graphic</Filter>
    </ClCompile>
    <ClCompile Include="Frame.cpp">
      <Filter>소스 파일\Graphic</Filter>
    </ClCompile>
    <ClCompile Include="Sprite.cpp">
      <Filter>소스 파일\Graphic</Filter>
    </ClCompile>
    <ClCompile Include="Texture.cpp">
      <Filter>소스 파일\Graphic</Filter>
    </ClCompile>
    <ClCompile Include="GameSystem.cpp">
      <Filter>소스 파일\System</Filter>
    </ClCompile>
    <ClCompile Include="gameTimer.cpp">
      <Filter>소스 파일\System</Filter>
    </ClCompile>
    <ClCompile Include="ResourceManager.cpp">
      <Filter>소스 파일\Graphic</Filter>
    </ClCompile>
    <ClCompile Include="Scene.cpp">
      <Filter>소스 파일\Scene</Filter>
    </ClCompile>
    <ClCompile Include="TitleScene.cpp">
      <Filter>소스 파일\Scene\TitleScene</Filter>
    </ClCompile>
    <ClCompile Include="SceneManager.cpp">
      <Filter>소스 파일\Scene\SceneManager</Filter>
    </ClCompile>
    <ClCompile Include="GameScene.cpp">
      <Filter>소스 파일\Scene\GameScene</Filter>
    </ClCompile>
    <ClCompile Include="Component.cpp">
      <Filter>소스 파일\1.Game\Component</Filter>
    </ClCompile>
    <ClCompile Include="StageManager.cpp">
      <Filter>소스 파일\StageManager</Filter>
    </ClCompile>
    <ClCompile Include="Stage.cpp">
      <Filter>소스 파일\StageManager\Stage</Filter>
    </ClCompile>
    <ClCompile Include="Gate.cpp">
      <Filter>소스 파일\1.Game\Component\FixedObject%28움직이지않음%29\Gate</Filter>
    </ClCompile>
    <ClCompile Include="Room.cpp">
      <Filter>소스 파일\StageManager\Room</Filter>
    </ClCompile>
    <ClCompile Include="MessagePost.cpp">
      <Filter>소스 파일\System\Message</Filter>
    </ClCompile>
    <ClCompile Include="State.cpp">
      <Filter>소스 파일\1.Game\Component\MoveObject\State</Filter>
    </ClCompile>
    <ClCompile Include="MoveObject.cpp">
      <Filter>소스 파일\1.Game\Component\MoveObject</Filter>
    </ClCompile>
    <ClCompile Include="Player.cpp">
      <Filter>소스 파일\1.Game\Component\MoveObject\Player</Filter>
    </ClCompile>
    <ClCompile Include="IdleState.cpp">
      <Filter>소스 파일\1.Game\Component\MoveObject\State</Filter>
    </ClCompile>
    <ClCompile Include="MoveState.cpp">
      <Filter>소스 파일\1.Game\Component\MoveObject\State</Filter>
    </ClCompile>
    <ClCompile Include="Item.cpp">
      <Filter>소스 파일\1.Game\Component\FixedObject%28움직이지않음%29\Item</Filter>
    </ClCompile>
    <ClCompile Include="FixedObject.cpp">
      <Filter>소스 파일</Filter>
    </ClCompile>
    <ClCompile Include="UsingItem.cpp">
      <Filter>소스 파일\1.Game\Component\FixedObject%28움직이지않음%29\Item\usingItem</Filter>
    </ClCompile>
    <ClCompile Include="EquipItem.cpp">
      <Filter>소스 파일\1.Game\Component\FixedObject%28움직이지않음%29\Item\EquimentItem</Filter>
    </ClCompile>
    <ClCompile Include="EquipItemWeapon.cpp">
      <Filter>소스 파일\1.Game\Component\FixedObject%28움직이지않음%29\Item\EquimentItem\EquipItemWeapon</Filter>
    </ClCompile>
    <ClCompile Include="AttackState.cpp">
      <Filter>소스 파일\1.Game\Component\MoveObject\State\Attack</Filter>
    </ClCompile>
    <ClCompile Include="AttackShape.cpp">
      <Filter>소스 파일\1.Game\Component\MoveObject\AttackShape</Filter>
    </ClCompile>
    <ClCompile Include="Monster.cpp">
      <Filter>소스 파일\1.Game\Component\MoveObject\Monster</Filter>
    </ClCompile>
    <ClCompile Include="MonsterIdleState.cpp">
      <Filter>소스 파일\1.Game\Component\MoveObject\State</Filter>
    </ClCompile>
  </ItemGroup>
  <ItemGroup>
    <ClInclude Include="Font.h">
      <Filter>소스 파일\Graphic</Filter>
    </ClInclude>
    <ClInclude Include="Frame.h">
      <Filter>소스 파일\Graphic</Filter>
    </ClInclude>
    <ClInclude Include="Sprite.h">
      <Filter>소스 파일\Graphic</Filter>
    </ClInclude>
    <ClInclude Include="Texture.h">
      <Filter>소스 파일\Graphic</Filter>
    </ClInclude>
    <ClInclude Include="GameSystem.h">
      <Filter>소스 파일\System</Filter>
    </ClInclude>
    <ClInclude Include="gameTimer.h">
      <Filter>소스 파일\System</Filter>
    </ClInclude>
    <ClInclude Include="ResourceManager.h">
      <Filter>소스 파일\Graphic</Filter>
    </ClInclude>
    <ClInclude Include="SceneManager.h">
      <Filter>소스 파일\Scene\SceneManager</Filter>
    </ClInclude>
    <ClInclude Include="Scene.h">
      <Filter>소스 파일\Scene</Filter>
    </ClInclude>
    <ClInclude Include="TitleScene.h">
      <Filter>소스 파일\Scene\TitleScene</Filter>
    </ClInclude>
    <ClInclude Include="GameScene.h">
      <Filter>소스 파일\Scene\GameScene</Filter>
    </ClInclude>
    <ClInclude Include="Component.h">
      <Filter>소스 파일\1.Game\Component</Filter>
    </ClInclude>
    <ClInclude Include="StageManager.h">
      <Filter>소스 파일\StageManager</Filter>
    </ClInclude>
    <ClInclude Include="Stage.h">
      <Filter>소스 파일\StageManager\Stage</Filter>
    </ClInclude>
    <ClInclude Include="Gate.h">
      <Filter>소스 파일\1.Game\Component\FixedObject%28움직이지않음%29\Gate</Filter>
    </ClInclude>
    <ClInclude Include="Room.h">
      <Filter>소스 파일\StageManager\Room</Filter>
    </ClInclude>
    <ClInclude Include="MessageFrom.h">
      <Filter>소스 파일\System\Message</Filter>
    </ClInclude>
    <ClInclude Include="MessagePost.h">
      <Filter>소스 파일\System\Message</Filter>
    </ClInclude>
    <ClInclude Include="State.h">
      <Filter>소스 파일\1.Game\Component\MoveObject\State</Filter>
    </ClInclude>
    <ClInclude Include="GlobalType.h">
      <Filter>소스 파일\Global</Filter>
    </ClInclude>
    <ClInclude Include="MoveObject.h">
      <Filter>소스 파일\1.Game\Component\MoveObject</Filter>
    </ClInclude>
    <ClInclude Include="Player.h">
      <Filter>소스 파일\1.Game\Component\MoveObject\Player</Filter>
    </ClInclude>
    <ClInclude Include="IdleState.h">
      <Filter>소스 파일\1.Game\Component\MoveObject\State</Filter>
    </ClInclude>
    <ClInclude Include="MoveState.h">
      <Filter>소스 파일\1.Game\Component\MoveObject\State</Filter>
    </ClInclude>
    <ClInclude Include="Item.h">
      <Filter>소스 파일\1.Game\Component\FixedObject%28움직이지않음%29\Item</Filter>
    </ClInclude>
    <ClInclude Include="FixedObject.h">
      <Filter>헤더 파일</Filter>
    </ClInclude>
    <ClInclude Include="UsingItem.h">
      <Filter>소스 파일\1.Game\Component\FixedObject%28움직이지않음%29\Item\usingItem</Filter>
    </ClInclude>
    <ClInclude Include="EquipItem.h">
      <Filter>소스 파일\1.Game\Component\FixedObject%28움직이지않음%29\Item\EquimentItem</Filter>
    </ClInclude>
    <ClInclude Include="EquipItemWeapon.h">
      <Filter>소스 파일\1.Game\Component\FixedObject%28움직이지않음%29\Item\EquimentItem\EquipItemWeapon</Filter>
    </ClInclude>
    <ClInclude Include="AttackState.h">
      <Filter>소스 파일\1.Game\Component\MoveObject\State\Attack</Filter>
    </ClInclude>
    <ClInclude Include="AttackShape.h">
      <Filter>소스 파일\1.Game\Component\MoveObject\AttackShape</Filter>
    </ClInclude>
    <ClInclude Include="Monster.h">
      <Filter>소스 파일\1.Game\Component\MoveObject\Monster</Filter>
    </ClInclude>
    <ClInclude Include="MonsterIdleState.h">
      <Filter>소스 파일\1.Game\Component\MoveObject\State</Filter>
    </ClInclude>
  </ItemGroup>
</Project>